
Microsoft Visual Studio Solution File, Format Version 12.00
# Visual Studio Version 16
VisualStudioVersion = 16.0.33027.164
MinimumVisualStudioVersion = 10.0.40219.1
Project("{FAE04EC0-301F-11D3-BF4B-00C04F79EFBC}") = "Biblioteka", "Biblioteka\Biblioteka.csproj", "{6FCE0E01-AD7C-48B1-80E3-91F4CFD74817}"
EndProject
Global
	GlobalSection(SolutionConfigurationPlatforms) = preSolution
		Debug|Any CPU = Debug|Any CPU
		Release|Any CPU = Release|Any CPU
	EndGlobalSection
	GlobalSection(ProjectConfigurationPlatforms) = postSolution
		{6FCE0E01-AD7C-48B1-80E3-91F4CFD74817}.Debug|Any CPU.ActiveCfg = Debug|Any CPU
		{6FCE0E01-AD7C-48B1-80E3-91F4CFD74817}.Debug|Any CPU.Build.0 = Debug|Any CPU
		{6FCE0E01-AD7C-48B1-80E3-91F4CFD74817}.Release|Any CPU.ActiveCfg = Release|Any CPU
		{6FCE0E01-AD7C-48B1-80E3-91F4CFD74817}.Release|Any CPU.Build.0 = Release|Any CPU
	EndGlobalSection
	GlobalSection(SolutionProperties) = preSolution
		HideSolutionNode = FALSE
	EndGlobalSection
	GlobalSection(ExtensibilityGlobals) = postSolution
		SolutionGuid = {7307D7D7-A924-448D-A3AA-8F79FF6168E5}
	EndGlobalSection
EndGlobal
